
Microsoft Visual Studio Solution File, Format Version 12.00
Project("{FAE04EC0-301F-11D3-BF4B-00C04F79EFBC}") = "ProductsPresentation", "ProductsPresentation\ProductsPresentation.csproj", "{D0EFFA4A-7038-4840-AD45-74CFF66BCC93}"
EndProject
Project("{FAE04EC0-301F-11D3-BF4B-00C04F79EFBC}") = "ProductsDao", "ProductsDao\ProductsDao.csproj", "{8EEF0869-9635-4EF9-8311-53A37885CB50}"
EndProject
Project("{FAE04EC0-301F-11D3-BF4B-00C04F79EFBC}") = "ProductsBusiness", "ProductsBusiness\ProductsBusiness.csproj", "{31F74C5C-605B-4E91-AFFE-A9FD7906127C}"
EndProject
Global
	GlobalSection(SolutionConfigurationPlatforms) = preSolution
		Debug|Any CPU = Debug|Any CPU
		Release|Any CPU = Release|Any CPU
	EndGlobalSection
	GlobalSection(ProjectConfigurationPlatforms) = postSolution
		{D0EFFA4A-7038-4840-AD45-74CFF66BCC93}.Debug|Any CPU.ActiveCfg = Debug|Any CPU
		{D0EFFA4A-7038-4840-AD45-74CFF66BCC93}.Debug|Any CPU.Build.0 = Debug|Any CPU
		{D0EFFA4A-7038-4840-AD45-74CFF66BCC93}.Release|Any CPU.ActiveCfg = Release|Any CPU
		{D0EFFA4A-7038-4840-AD45-74CFF66BCC93}.Release|Any CPU.Build.0 = Release|Any CPU
		{8EEF0869-9635-4EF9-8311-53A37885CB50}.Debug|Any CPU.ActiveCfg = Debug|Any CPU
		{8EEF0869-9635-4EF9-8311-53A37885CB50}.Debug|Any CPU.Build.0 = Debug|Any CPU
		{8EEF0869-9635-4EF9-8311-53A37885CB50}.Release|Any CPU.ActiveCfg = Release|Any CPU
		{8EEF0869-9635-4EF9-8311-53A37885CB50}.Release|Any CPU.Build.0 = Release|Any CPU
		{31F74C5C-605B-4E91-AFFE-A9FD7906127C}.Debug|Any CPU.ActiveCfg = Debug|Any CPU
		{31F74C5C-605B-4E91-AFFE-A9FD7906127C}.Debug|Any CPU.Build.0 = Debug|Any CPU
		{31F74C5C-605B-4E91-AFFE-A9FD7906127C}.Release|Any CPU.ActiveCfg = Release|Any CPU
		{31F74C5C-605B-4E91-AFFE-A9FD7906127C}.Release|Any CPU.Build.0 = Release|Any CPU
	EndGlobalSection
EndGlobal
